
Microsoft Visual Studio Solution File, Format Version 12.00
Project("{FAE04EC0-301F-11D3-BF4B-00C04F79EFBC}") = "ProjectCSharp_V2", "ProjectCSharp_V2\ProjectCSharp_V2.csproj", "{FA99A781-9808-47F1-B69A-304BCED0A1A3}"
EndProject
Global
	GlobalSection(SolutionConfigurationPlatforms) = preSolution
		Debug|Any CPU = Debug|Any CPU
		Release|Any CPU = Release|Any CPU
	EndGlobalSection
	GlobalSection(ProjectConfigurationPlatforms) = postSolution
		{FA99A781-9808-47F1-B69A-304BCED0A1A3}.Debug|Any CPU.ActiveCfg = Debug|Any CPU
		{FA99A781-9808-47F1-B69A-304BCED0A1A3}.Debug|Any CPU.Build.0 = Debug|Any CPU
		{FA99A781-9808-47F1-B69A-304BCED0A1A3}.Release|Any CPU.ActiveCfg = Release|Any CPU
		{FA99A781-9808-47F1-B69A-304BCED0A1A3}.Release|Any CPU.Build.0 = Release|Any CPU
	EndGlobalSection
EndGlobal
